
Microsoft Visual Studio Solution File, Format Version 12.00
# Visual Studio 15
VisualStudioVersion = 15.0.27703.2042
MinimumVisualStudioVersion = 10.0.40219.1
Project("{FAE04EC0-301F-11D3-BF4B-00C04F79EFBC}") = "JokenPo", "JokenPo\JokenPo.csproj", "{6C3CBEAF-3E17-441C-B882-6B55C5074680}"
EndProject
Global
	GlobalSection(SolutionConfigurationPlatforms) = preSolution
		Debug|Any CPU = Debug|Any CPU
		Release|Any CPU = Release|Any CPU
	EndGlobalSection
	GlobalSection(ProjectConfigurationPlatforms) = postSolution
		{6C3CBEAF-3E17-441C-B882-6B55C5074680}.Debug|Any CPU.ActiveCfg = Debug|Any CPU
		{6C3CBEAF-3E17-441C-B882-6B55C5074680}.Debug|Any CPU.Build.0 = Debug|Any CPU
		{6C3CBEAF-3E17-441C-B882-6B55C5074680}.Release|Any CPU.ActiveCfg = Release|Any CPU
		{6C3CBEAF-3E17-441C-B882-6B55C5074680}.Release|Any CPU.Build.0 = Release|Any CPU
	EndGlobalSection
	GlobalSection(SolutionProperties) = preSolution
		HideSolutionNode = FALSE
	EndGlobalSection
	GlobalSection(ExtensibilityGlobals) = postSolution
		SolutionGuid = {EB8E5B97-FCFC-41F0-B111-B61196E7B81F}
	EndGlobalSection
EndGlobal
